
Microsoft Visual Studio Solution File, Format Version 12.00
# Visual Studio Version 16
VisualStudioVersion = 16.0.29519.87
MinimumVisualStudioVersion = 10.0.40219.1
Project("{9A19103F-16F7-4668-BE54-9A1E7A4F7556}") = "piranha.blog.filipelteixeira", "src\piranha.blog.filipelteixeira\piranha.blog.filipelteixeira.csproj", "{509C0530-36A1-45A6-9F0A-2F22BDCEF631}"
EndProject
Global
	GlobalSection(SolutionConfigurationPlatforms) = preSolution
		Debug|Any CPU = Debug|Any CPU
		Release|Any CPU = Release|Any CPU
	EndGlobalSection
	GlobalSection(ProjectConfigurationPlatforms) = postSolution
		{509C0530-36A1-45A6-9F0A-2F22BDCEF631}.Debug|Any CPU.ActiveCfg = Debug|Any CPU
		{509C0530-36A1-45A6-9F0A-2F22BDCEF631}.Debug|Any CPU.Build.0 = Debug|Any CPU
		{509C0530-36A1-45A6-9F0A-2F22BDCEF631}.Release|Any CPU.ActiveCfg = Release|Any CPU
		{509C0530-36A1-45A6-9F0A-2F22BDCEF631}.Release|Any CPU.Build.0 = Release|Any CPU
	EndGlobalSection
	GlobalSection(SolutionProperties) = preSolution
		HideSolutionNode = FALSE
	EndGlobalSection
	GlobalSection(ExtensibilityGlobals) = postSolution
		SolutionGuid = {D53A094A-5F4B-4975-B902-C3C2513F6C42}
	EndGlobalSection
EndGlobal
